// !$*UTF8*$!
{
	archiveVersion = 1;
	classes = {
	};
	objectVersion = 46;
	objects = {

/* Begin PBXBuildFile section */
		2855D3811D5A1C390049FD06 /* main.m in Sources */ = {isa = PBXBuildFile; fileRef = 2855D3801D5A1C390049FD06 /* main.m */; };
		2855D3841D5A1C390049FD06 /* AppDelegate.m in Sources */ = {isa = PBXBuildFile; fileRef = 2855D3831D5A1C390049FD06 /* AppDelegate.m */; };
		2855D3871D5A1C390049FD06 /* ViewController.m in Sources */ = {isa = PBXBuildFile; fileRef = 2855D3861D5A1C390049FD06 /* ViewController.m */; };
		2855D38A1D5A1C390049FD06 /* Main.storyboard in Resources */ = {isa = PBXBuildFile; fileRef = 2855D3881D5A1C390049FD06 /* Main.storyboard */; };
		2855D38C1D5A1C390049FD06 /* Assets.xcassets in Resources */ = {isa = PBXBuildFile; fileRef = 2855D38B1D5A1C390049FD06 /* Assets.xcassets */; };
		2855D38F1D5A1C390049FD06 /* LaunchScreen.storyboard in Resources */ = {isa = PBXBuildFile; fileRef = 2855D38D1D5A1C390049FD06 /* LaunchScreen.storyboard */; };
		2855D3981D5A1EBE0049FD06 /* LHBaseRequest.m in Sources */ = {isa = PBXBuildFile; fileRef = 2855D3971D5A1EBE0049FD06 /* LHBaseRequest.m */; };
		2855D39B1D5A1FBB0049FD06 /* HYBNetworking.m in Sources */ = {isa = PBXBuildFile; fileRef = 2855D39A1D5A1FBB0049FD06 /* HYBNetworking.m */; };
		2855D39E1D5A21A90049FD06 /* LoginRequest.m in Sources */ = {isa = PBXBuildFile; fileRef = 2855D39D1D5A21A90049FD06 /* LoginRequest.m */; };
		2855D3A21D5A221B0049FD06 /* RequestViewController.m in Sources */ = {isa = PBXBuildFile; fileRef = 2855D3A11D5A221B0049FD06 /* RequestViewController.m */; };
		2855D3A51D5A25B50049FD06 /* LHBaseModel.m in Sources */ = {isa = PBXBuildFile; fileRef = 2855D3A41D5A25B50049FD06 /* LHBaseModel.m */; };
		4EA491C8DA4F1E6208C9EDC8 /* libPods-LHTools.a in Frameworks */ = {isa = PBXBuildFile; fileRef = 6B9BCE4BB5D31A3B67785E02 /* libPods-LHTools.a */; };
/* End PBXBuildFile section */

/* Begin PBXFileReference section */
		2855D37C1D5A1C390049FD06 /* LHTools.app */ = {isa = PBXFileReference; explicitFileType = wrapper.application; includeInIndex = 0; path = LHTools.app; sourceTree = BUILT_PRODUCTS_DIR; };
		2855D3801D5A1C390049FD06 /* main.m */ = {isa = PBXFileReference; lastKnownFileType = sourcecode.c.objc; path = main.m; sourceTree = "<group>"; };
		2855D3821D5A1C390049FD06 /* AppDelegate.h */ = {isa = PBXFileReference; lastKnownFileType = sourcecode.c.h; path = AppDelegate.h; sourceTree = "<group>"; };
		2855D3831D5A1C390049FD06 /* AppDelegate.m */ = {isa = PBXFileReference; lastKnownFileType = sourcecode.c.objc; path = AppDelegate.m; sourceTree = "<group>"; };
		2855D3851D5A1C390049FD06 /* ViewController.h */ = {isa = PBXFileReference; lastKnownFileType = sourcecode.c.h; path = ViewController.h; sourceTree = "<group>"; };
		2855D3861D5A1C390049FD06 /* ViewController.m */ = {isa = PBXFileReference; lastKnownFileType = sourcecode.c.objc; path = ViewController.m; sourceTree = "<group>"; };
		2855D3891D5A1C390049FD06 /* Base */ = {isa = PBXFileReference; lastKnownFileType = file.storyboard; name = Base; path = Base.lproj/Main.storyboard; sourceTree = "<group>"; };
		2855D38B1D5A1C390049FD06 /* Assets.xcassets */ = {isa = PBXFileReference; lastKnownFileType = folder.assetcatalog; path = Assets.xcassets; sourceTree = "<group>"; };
		2855D38E1D5A1C390049FD06 /* Base */ = {isa = PBXFileReference; lastKnownFileType = file.storyboard; name = Base; path = Base.lproj/LaunchScreen.storyboard; sourceTree = "<group>"; };
		2855D3901D5A1C390049FD06 /* Info.plist */ = {isa = PBXFileReference; lastKnownFileType = text.plist.xml; path = Info.plist; sourceTree = "<group>"; };
		2855D3961D5A1EBE0049FD06 /* LHBaseRequest.h */ = {isa = PBXFileReference; fileEncoding = 4; lastKnownFileType = sourcecode.c.h; path = LHBaseRequest.h; sourceTree = "<group>"; };
		2855D3971D5A1EBE0049FD06 /* LHBaseRequest.m */ = {isa = PBXFileReference; fileEncoding = 4; lastKnownFileType = sourcecode.c.objc; path = LHBaseRequest.m; sourceTree = "<group>"; };
		2855D3991D5A1FBB0049FD06 /* HYBNetworking.h */ = {isa = PBXFileReference; fileEncoding = 4; lastKnownFileType = sourcecode.c.h; path = HYBNetworking.h; sourceTree = "<group>"; };
		2855D39A1D5A1FBB0049FD06 /* HYBNetworking.m */ = {isa = PBXFileReference; fileEncoding = 4; lastKnownFileType = sourcecode.c.objc; path = HYBNetworking.m; sourceTree = "<group>"; };
		2855D39C1D5A21A90049FD06 /* LoginRequest.h */ = {isa = PBXFileReference; fileEncoding = 4; lastKnownFileType = sourcecode.c.h; path = LoginRequest.h; sourceTree = "<group>"; };
		2855D39D1D5A21A90049FD06 /* LoginRequest.m */ = {isa = PBXFileReference; fileEncoding = 4; lastKnownFileType = sourcecode.c.objc; path = LoginRequest.m; sourceTree = "<group>"; };
		2855D3A01D5A221B0049FD06 /* RequestViewController.h */ = {isa = PBXFileReference; fileEncoding = 4; lastKnownFileType = sourcecode.c.h; path = RequestViewController.h; sourceTree = "<group>"; };
		2855D3A11D5A221B0049FD06 /* RequestViewController.m */ = {isa = PBXFileReference; fileEncoding = 4; lastKnownFileType = sourcecode.c.objc; path = RequestViewController.m; sourceTree = "<group>"; };
		2855D3A31D5A25B50049FD06 /* LHBaseModel.h */ = {isa = PBXFileReference; fileEncoding = 4; lastKnownFileType = sourcecode.c.h; path = LHBaseModel.h; sourceTree = "<group>"; };
		2855D3A41D5A25B50049FD06 /* LHBaseModel.m */ = {isa = PBXFileReference; fileEncoding = 4; lastKnownFileType = sourcecode.c.objc; path = LHBaseModel.m; sourceTree = "<group>"; };
		67B177BFBABAA1F248560A43 /* Pods-LHTools.debug.xcconfig */ = {isa = PBXFileReference; includeInIndex = 1; lastKnownFileType = text.xcconfig; name = "Pods-LHTools.debug.xcconfig"; path = "Pods/Target Support Files/Pods-LHTools/Pods-LHTools.debug.xcconfig"; sourceTree = "<group>"; };
		6B9BCE4BB5D31A3B67785E02 /* libPods-LHTools.a */ = {isa = PBXFileReference; explicitFileType = archive.ar; includeInIndex = 0; path = "libPods-LHTools.a"; sourceTree = BUILT_PRODUCTS_DIR; };
		C02AA38AF180397963AC549A /* Pods-LHTools.release.xcconfig */ = {isa = PBXFileReference; includeInIndex = 1; lastKnownFileType = text.xcconfig; name = "Pods-LHTools.release.xcconfig"; path = "Pods/Target Support Files/Pods-LHTools/Pods-LHTools.release.xcconfig"; sourceTree = "<group>"; };
/* End PBXFileReference section */

/* Begin PBXFrameworksBuildPhase section */
		2855D3791D5A1C390049FD06 /* Frameworks */ = {
			isa = PBXFrameworksBuildPhase;
			buildActionMask = 2147483647;
			files = (
				4EA491C8DA4F1E6208C9EDC8 /* libPods-LHTools.a in Frameworks */,
			);
			runOnlyForDeploymentPostprocessing = 0;
		};
/* End PBXFrameworksBuildPhase section */

/* Begin PBXGroup section */
		2855D3731D5A1C390049FD06 = {
			isa = PBXGroup;
			children = (
				2855D37E1D5A1C390049FD06 /* LHTools */,
				2855D37D1D5A1C390049FD06 /* Products */,
				CFE00F45F80A492B3B875C4C /* Pods */,
				61DF9A02B3D206015B57AD7B /* Frameworks */,
			);
			sourceTree = "<group>";
		};
		2855D37D1D5A1C390049FD06 /* Products */ = {
			isa = PBXGroup;
			children = (
				2855D37C1D5A1C390049FD06 /* LHTools.app */,
			);
			name = Products;
			sourceTree = "<group>";
		};
		2855D37E1D5A1C390049FD06 /* LHTools */ = {
			isa = PBXGroup;
			children = (
				2855D3A31D5A25B50049FD06 /* LHBaseModel.h */,
				2855D3A41D5A25B50049FD06 /* LHBaseModel.m */,
				2855D39F1D5A21F70049FD06 /* LHRequest */,
				2855D3821D5A1C390049FD06 /* AppDelegate.h */,
				2855D3831D5A1C390049FD06 /* AppDelegate.m */,
				2855D3851D5A1C390049FD06 /* ViewController.h */,
				2855D3861D5A1C390049FD06 /* ViewController.m */,
				2855D3881D5A1C390049FD06 /* Main.storyboard */,
				2855D38B1D5A1C390049FD06 /* Assets.xcassets */,
				2855D38D1D5A1C390049FD06 /* LaunchScreen.storyboard */,
				2855D3901D5A1C390049FD06 /* Info.plist */,
				2855D37F1D5A1C390049FD06 /* Supporting Files */,
			);
			path = LHTools;
			sourceTree = "<group>";
		};
		2855D37F1D5A1C390049FD06 /* Supporting Files */ = {
			isa = PBXGroup;
			children = (
				2855D3801D5A1C390049FD06 /* main.m */,
			);
			name = "Supporting Files";
			sourceTree = "<group>";
		};
		2855D39F1D5A21F70049FD06 /* LHRequest */ = {
			isa = PBXGroup;
			children = (
				2855D3991D5A1FBB0049FD06 /* HYBNetworking.h */,
				2855D39A1D5A1FBB0049FD06 /* HYBNetworking.m */,
				2855D3961D5A1EBE0049FD06 /* LHBaseRequest.h */,
				2855D3971D5A1EBE0049FD06 /* LHBaseRequest.m */,
				2855D39C1D5A21A90049FD06 /* LoginRequest.h */,
				2855D39D1D5A21A90049FD06 /* LoginRequest.m */,
				2855D3A01D5A221B0049FD06 /* RequestViewController.h */,
				2855D3A11D5A221B0049FD06 /* RequestViewController.m */,
			);
			name = LHRequest;
			sourceTree = "<group>";
		};
		61DF9A02B3D206015B57AD7B /* Frameworks */ = {
			isa = PBXGroup;
			children = (
				6B9BCE4BB5D31A3B67785E02 /* libPods-LHTools.a */,
			);
			name = Frameworks;
			sourceTree = "<group>";
		};
		CFE00F45F80A492B3B875C4C /* Pods */ = {
			isa = PBXGroup;
			children = (
				67B177BFBABAA1F248560A43 /* Pods-LHTools.debug.xcconfig */,
				C02AA38AF180397963AC549A /* Pods-LHTools.release.xcconfig */,
			);
			name = Pods;
			sourceTree = "<group>";
		};
/* End PBXGroup section */

/* Begin PBXNativeTarget section */
		2855D37B1D5A1C390049FD06 /* LHTools */ = {
			isa = PBXNativeTarget;
			buildConfigurationList = 2855D3931D5A1C390049FD06 /* Build configuration list for PBXNativeTarget "LHTools" */;
			buildPhases = (
				BE92671B47A643DA776EF5A4 /* [CP] Check Pods Manifest.lock */,
				2855D3781D5A1C390049FD06 /* Sources */,
				2855D3791D5A1C390049FD06 /* Frameworks */,
				2855D37A1D5A1C390049FD06 /* Resources */,
				97678DD357640EC0A26ED192 /* [CP] Embed Pods Frameworks */,
				29F34C45900F137CECC41F02 /* [CP] Copy Pods Resources */,
			);
			buildRules = (
			);
			dependencies = (
			);
			name = LHTools;
			productName = LHTools;
			productReference = 2855D37C1D5A1C390049FD06 /* LHTools.app */;
			productType = "com.apple.product-type.application";
		};
/* End PBXNativeTarget section */

/* Begin PBXProject section */
		2855D3741D5A1C390049FD06 /* Project object */ = {
			isa = PBXProject;
			attributes = {
				LastUpgradeCheck = 0730;
				ORGANIZATIONNAME = kangylk;
				TargetAttributes = {
					2855D37B1D5A1C390049FD06 = {
						CreatedOnToolsVersion = 7.3.1;
					};
				};
			};
			buildConfigurationList = 2855D3771D5A1C390049FD06 /* Build configuration list for PBXProject "LHTools" */;
			compatibilityVersion = "Xcode 3.2";
			developmentRegion = English;
			hasScannedForEncodings = 0;
			knownRegions = (
				en,
				Base,
			);
			mainGroup = 2855D3731D5A1C390049FD06;
			productRefGroup = 2855D37D1D5A1C390049FD06 /* Products */;
			projectDirPath = "";
			projectRoot = "";
			targets = (
				2855D37B1D5A1C390049FD06 /* LHTools */,
			);
		};
/* End PBXProject section */

/* Begin PBXResourcesBuildPhase section */
		2855D37A1D5A1C390049FD06 /* Resources */ = {
			isa = PBXResourcesBuildPhase;
			buildActionMask = 2147483647;
			files = (
				2855D38F1D5A1C390049FD06 /* LaunchScreen.storyboard in Resources */,
				2855D38C1D5A1C390049FD06 /* Assets.xcassets in Resources */,
				2855D38A1D5A1C390049FD06 /* Main.storyboard in Resources */,
			);
			runOnlyForDeploymentPostprocessing = 0;
		};
/* End PBXResourcesBuildPhase section */

/* Begin PBXShellScriptBuildPhase section */
		29F34C45900F137CECC41F02 /* [CP] Copy Pods Resources */ = {
			isa = PBXShellScriptBuildPhase;
			buildActionMask = 2147483647;
			files = (
			);
			inputPaths = (
			);
			name = "[CP] Copy Pods Resources";
			outputPaths = (
			);
			runOnlyForDeploymentPostprocessing = 0;
			shellPath = /bin/sh;
			shellScript = "\"${SRCROOT}/Pods/Target Support Files/Pods-LHTools/Pods-LHTools-resources.sh\"\n";
			showEnvVarsInLog = 0;
		};
		97678DD357640EC0A26ED192 /* [CP] Embed Pods Frameworks */ = {
			isa = PBXShellScriptBuildPhase;
			buildActionMask = 2147483647;
			files = (
			);
			inputPaths = (
			);
			name = "[CP] Embed Pods Frameworks";
			outputPaths = (
			);
			runOnlyForDeploymentPostprocessing = 0;
			shellPath = /bin/sh;
			shellScript = "\"${SRCROOT}/Pods/Target Support Files/Pods-LHTools/Pods-LHTools-frameworks.sh\"\n";
			showEnvVarsInLog = 0;
		};
		BE92671B47A643DA776EF5A4 /* [CP] Check Pods Manifest.lock */ = {
			isa = PBXShellScriptBuildPhase;
			buildActionMask = 2147483647;
			files = (
			);
			inputPaths = (
			);
			name = "[CP] Check Pods Manifest.lock";
			outputPaths = (
			);
			runOnlyForDeploymentPostprocessing = 0;
			shellPath = /bin/sh;
			shellScript = "diff \"${PODS_ROOT}/../Podfile.lock\" \"${PODS_ROOT}/Manifest.lock\" > /dev/null\nif [[ $? != 0 ]] ; then\n    cat << EOM\nerror: The sandbox is not in sync with the Podfile.lock. Run 'pod install' or update your CocoaPods installation.\nEOM\n    exit 1\nfi\n";
			showEnvVarsInLog = 0;
		};
/* End PBXShellScriptBuildPhase section */

/* Begin PBXSourcesBuildPhase section */
		2855D3781D5A1C390049FD06 /* Sources */ = {
			isa = PBXSourcesBuildPhase;
			buildActionMask = 2147483647;
			files = (
				2855D3981D5A1EBE0049FD06 /* LHBaseRequest.m in Sources */,
				2855D3A21D5A221B0049FD06 /* RequestViewController.m in Sources */,
				2855D3871D5A1C390049FD06 /* ViewController.m in Sources */,
				2855D3A51D5A25B50049FD06 /* LHBaseModel.m in Sources */,
				2855D3841D5A1C390049FD06 /* AppDelegate.m in Sources */,
				2855D39E1D5A21A90049FD06 /* LoginRequest.m in Sources */,
				2855D3811D5A1C390049FD06 /* main.m in Sources */,
				2855D39B1D5A1FBB0049FD06 /* HYBNetworking.m in Sources */,
			);
			runOnlyForDeploymentPostprocessing = 0;
		};
/* End PBXSourcesBuildPhase section */

/* Begin PBXVariantGroup section */
		2855D3881D5A1C390049FD06 /* Main.storyboard */ = {
			isa = PBXVariantGroup;
			children = (
				2855D3891D5A1C390049FD06 /* Base */,
			);
			name = Main.storyboard;
			sourceTree = "<group>";
		};
		2855D38D1D5A1C390049FD06 /* LaunchScreen.storyboard */ = {
			isa = PBXVariantGroup;
			children = (
				2855D38E1D5A1C390049FD06 /* Base */,
			);
			name = LaunchScreen.storyboard;
			sourceTree = "<group>";
		};
/* End PBXVariantGroup section */

/* Begin XCBuildConfiguration section */
		2855D3911D5A1C390049FD06 /* Debug */ = {
			isa = XCBuildConfiguration;
			buildSettings = {
				ALWAYS_SEARCH_USER_PATHS = NO;
				CLANG_ANALYZER_NONNULL = YES;
				CLANG_CXX_LANGUAGE_STANDARD = "gnu++0x";
				CLANG_CXX_LIBRARY = "libc++";
				CLANG_ENABLE_MODULES = YES;
				CLANG_ENABLE_OBJC_ARC = YES;
				CLANG_WARN_BOOL_CONVERSION = YES;
				CLANG_WARN_CONSTANT_CONVERSION = YES;
				CLANG_WARN_DIRECT_OBJC_ISA_USAGE = YES_ERROR;
				CLANG_WARN_EMPTY_BODY = YES;
				CLANG_WARN_ENUM_CONVERSION = YES;
				CLANG_WARN_INT_CONVERSION = YES;
				CLANG_WARN_OBJC_ROOT_CLASS = YES_ERROR;
				CLANG_WARN_UNREACHABLE_CODE = YES;
				CLANG_WARN__DUPLICATE_METHOD_MATCH = YES;
				"CODE_SIGN_IDENTITY[sdk=iphoneos*]" = "iPhone Developer";
				COPY_PHASE_STRIP = NO;
				DEBUG_INFORMATION_FORMAT = dwarf;
				ENABLE_STRICT_OBJC_MSGSEND = YES;
				ENABLE_TESTABILITY = YES;
				GCC_C_LANGUAGE_STANDARD = gnu99;
				GCC_DYNAMIC_NO_PIC = NO;
				GCC_NO_COMMON_BLOCKS = YES;
				GCC_OPTIMIZATION_LEVEL = 0;
				GCC_PREPROCESSOR_DEFINITIONS = (
					"DEBUG=1",
					"$(inherited)",
				);
				GCC_WARN_64_TO_32_BIT_CONVERSION = YES;
				GCC_WARN_ABOUT_RETURN_TYPE = YES_ERROR;
				GCC_WARN_UNDECLARED_SELECTOR = YES;
				GCC_WARN_UNINITIALIZED_AUTOS = YES_AGGRESSIVE;
				GCC_WARN_UNUSED_FUNCTION = YES;
				GCC_WARN_UNUSED_VARIABLE = YES;
				IPHONEOS_DEPLOYMENT_TARGET = 9.3;
				MTL_ENABLE_DEBUG_INFO = YES;
				ONLY_ACTIVE_ARCH = YES;
				SDKROOT = iphoneos;
				TARGETED_DEVICE_FAMILY = "1,2";
			};
			name = Debug;
		};
		2855D3921D5A1C390049FD06 /* Release */ = {
			isa = XCBuildConfiguration;
			buildSettings = {
				ALWAYS_SEARCH_USER_PATHS = NO;
				CLANG_ANALYZER_NONNULL = YES;
				CLANG_CXX_LANGUAGE_STANDARD = "gnu++0x";
				CLANG_CXX_LIBRARY = "libc++";
				CLANG_ENABLE_MODULES = YES;
				CLANG_ENABLE_OBJC_ARC = YES;
				CLANG_WARN_BOOL_CONVERSION = YES;
				CLANG_WARN_CONSTANT_CONVERSION = YES;
				CLANG_WARN_DIRECT_OBJC_ISA_USAGE = YES_ERROR;
				CLANG_WARN_EMPTY_BODY = YES;
				CLANG_WARN_ENUM_CONVERSION = YES;
				CLANG_WARN_INT_CONVERSION = YES;
				CLANG_WARN_OBJC_ROOT_CLASS = YES_ERROR;
				CLANG_WARN_UNREACHABLE_CODE = YES;
				CLANG_WARN__DUPLICATE_METHOD_MATCH = YES;
				"CODE_SIGN_IDENTITY[sdk=iphoneos*]" = "iPhone Developer";
				COPY_PHASE_STRIP = NO;
				DEBUG_INFORMATION_FORMAT = "dwarf-with-dsym";
				ENABLE_NS_ASSERTIONS = NO;
				ENABLE_STRICT_OBJC_MSGSEND = YES;
				GCC_C_LANGUAGE_STANDARD = gnu99;
				GCC_NO_COMMON_BLOCKS = YES;
				GCC_WARN_64_TO_32_BIT_CONVERSION = YES;
				GCC_WARN_ABOUT_RETURN_TYPE = YES_ERROR;
				GCC_WARN_UNDECLARED_SELECTOR = YES;
				GCC_WARN_UNINITIALIZED_AUTOS = YES_AGGRESSIVE;
				GCC_WARN_UNUSED_FUNCTION = YES;
				GCC_WARN_UNUSED_VARIABLE = YES;
				IPHONEOS_DEPLOYMENT_TARGET = 9.3;
				MTL_ENABLE_DEBUG_INFO = NO;
				SDKROOT = iphoneos;
				TARGETED_DEVICE_FAMILY = "1,2";
				VALIDATE_PRODUCT = YES;
			};
			name = Release;
		};
		2855D3941D5A1C390049FD06 /* Debug */ = {
			isa = XCBuildConfiguration;
			baseConfigurationReference = 67B177BFBABAA1F248560A43 /* Pods-LHTools.debug.xcconfig */;
			buildSettings = {
				ASSETCATALOG_COMPILER_APPICON_NAME = AppIcon;
				INFOPLIST_FILE = LHTools/Info.plist;
				LD_RUNPATH_SEARCH_PATHS = "$(inherited) @executable_path/Frameworks";
				PRODUCT_BUNDLE_IDENTIFIER = com.huuhoo.LHTools;
				PRODUCT_NAME = "$(TARGET_NAME)";
			};
			name = Debug;
		};
		2855D3951D5A1C390049FD06 /* Release */ = {
			isa = XCBuildConfiguration;
			baseConfigurationReference = C02AA38AF180397963AC549A /* Pods-LHTools.release.xcconfig */;
			buildSettings = {
				ASSETCATALOG_COMPILER_APPICON_NAME = AppIcon;
				INFOPLIST_FILE = LHTools/Info.plist;
				LD_RUNPATH_SEARCH_PATHS = "$(inherited) @executable_path/Frameworks";
				PRODUCT_BUNDLE_IDENTIFIER = com.huuhoo.LHTools;
				PRODUCT_NAME = "$(TARGET_NAME)";
			};
			name = Release;
		};
/* End XCBuildConfiguration section */

/* Begin XCConfigurationList section */
		2855D3771D5A1C390049FD06 /* Build configuration list for PBXProject "LHTools" */ = {
			isa = XCConfigurationList;
			buildConfigurations = (
				2855D3911D5A1C390049FD06 /* Debug */,
				2855D3921D5A1C390049FD06 /* Release */,
			);
			defaultConfigurationIsVisible = 0;
			defaultConfigurationName = Release;
		};
		2855D3931D5A1C390049FD06 /* Build configuration list for PBXNativeTarget "LHTools" */ = {
			isa = XCConfigurationList;
			buildConfigurations = (
				2855D3941D5A1C390049FD06 /* Debug */,
				2855D3951D5A1C390049FD06 /* Release */,
			);
			defaultConfigurationIsVisible = 0;
			defaultConfigurationName = Release;
		};
/* End XCConfigurationList section */
	};
	rootObject = 2855D3741D5A1C390049FD06 /* Project object */;
}
